
Microsoft Visual Studio Solution File, Format Version 12.00
# Visual Studio Version 17
VisualStudioVersion = 17.13.35919.96 d17.13
MinimumVisualStudioVersion = 10.0.40219.1
Project("{FAE04EC0-301F-11D3-BF4B-00C04F79EFBC}") = "MiniTycoonPiekarnia", "MiniTycoonPiekarnia\MiniTycoonPiekarnia.csproj", "{35756124-CA3D-479E-82AF-DBFAAE5CA288}"
EndProject
Global
	GlobalSection(SolutionConfigurationPlatforms) = preSolution
		Debug|Any CPU = Debug|Any CPU
		Release|Any CPU = Release|Any CPU
	EndGlobalSection
	GlobalSection(ProjectConfigurationPlatforms) = postSolution
		{35756124-CA3D-479E-82AF-DBFAAE5CA288}.Debug|Any CPU.ActiveCfg = Debug|Any CPU
		{35756124-CA3D-479E-82AF-DBFAAE5CA288}.Debug|Any CPU.Build.0 = Debug|Any CPU
		{35756124-CA3D-479E-82AF-DBFAAE5CA288}.Release|Any CPU.ActiveCfg = Release|Any CPU
		{35756124-CA3D-479E-82AF-DBFAAE5CA288}.Release|Any CPU.Build.0 = Release|Any CPU
	EndGlobalSection
	GlobalSection(SolutionProperties) = preSolution
		HideSolutionNode = FALSE
	EndGlobalSection
	GlobalSection(ExtensibilityGlobals) = postSolution
		SolutionGuid = {280F2E03-B5F1-43BA-BAED-202BC966E402}
	EndGlobalSection
EndGlobal
